{
  "version": 4,
  "terraform_version": "1.5.3",
  "serial": 12,
  "lineage": "a429318c-1b8c-9c51-7e7e-2d628aff2b58",
  "outputs": {
    "external_ip_address_node01": {
      "value": "158.160.115.226",
      "type": "string"
    },
    "external_ip_address_node02": {
      "value": "158.160.103.209",
      "type": "string"
    },
    "external_ip_address_node03": {
      "value": "158.160.104.118",
      "type": "string"
    },
    "external_ip_address_node04": {
      "value": "158.160.101.81",
      "type": "string"
    },
    "external_ip_address_node05": {
      "value": "51.250.71.62",
      "type": "string"
    },
    "external_ip_address_node06": {
      "value": "158.160.101.49",
      "type": "string"
    },
    "internal_ip_address_node01": {
      "value": "192.168.101.11",
      "type": "string"
    },
    "internal_ip_address_node02": {
      "value": "192.168.101.12",
      "type": "string"
    },
    "internal_ip_address_node03": {
      "value": "192.168.101.13",
      "type": "string"
    },
    "internal_ip_address_node04": {
      "value": "192.168.101.14",
      "type": "string"
    },
    "internal_ip_address_node05": {
      "value": "192.168.101.15",
      "type": "string"
    },
    "internal_ip_address_node06": {
      "value": "192.168.101.16",
      "type": "string"
    }
  },
  "resources": [
    {
      "mode": "managed",
      "type": "local_file",
      "name": "inventory",
      "provider": "provider[\"registry.terraform.io/hashicorp/local\"]",
      "instances": [
        {
          "schema_version": 0,
          "attributes": {
            "content": "# Ansible inventory containing variable values from Terraform.\n# Generated by Terraform.\n\n[nodes:children]\nmanagers\nworkers\n\n[managers:children]\nactive\nstandby\n\n[active]\nnode01.netology.yc ansible_host=158.160.115.226\n\n[standby]\nnode02.netology.yc ansible_host=158.160.103.209\nnode03.netology.yc ansible_host=158.160.104.118\n\n[workers]\nnode04.netology.yc ansible_host=158.160.101.81\nnode05.netology.yc ansible_host=51.250.71.62\nnode06.netology.yc ansible_host=158.160.101.49\n",
            "content_base64": null,
            "content_base64sha256": "0bpHffhjz6/zdHSzAsHVIFwSk5siAVANussdEIGGtQw=",
            "content_base64sha512": "5XkBxJhzT/MHCuCdfGJmpnuuB1kTmq1M4tD4yQHb8ZtApGL35SeeY8KNMUU3wsO+zi9qAGvRaCZHKDTVwpGDtw==",
            "content_md5": "6001c21cf20b6d302e595018dd381479",
            "content_sha1": "7c1eee3e05241c54061217a3b7ab58bb3444eb5f",
            "content_sha256": "d1ba477df863cfaff37474b302c1d5205c12939b2201500dbacb1d108186b50c",
            "content_sha512": "e57901c498734ff3070ae09d7c6266a67bae0759139aad4ce2d0f8c901dbf19b40a462f7e5279e63c28d314537c2c3bece2f6a006bd16826472834d5c29183b7",
            "directory_permission": "0777",
            "file_permission": "0777",
            "filename": "../ansible/inventory",
            "id": "7c1eee3e05241c54061217a3b7ab58bb3444eb5f",
            "sensitive_content": null,
            "source": null
          },
          "sensitive_attributes": [],
          "dependencies": [
            "yandex_compute_instance.node01",
            "yandex_compute_instance.node02",
            "yandex_compute_instance.node03",
            "yandex_compute_instance.node04",
            "yandex_compute_instance.node05",
            "yandex_compute_instance.node06",
            "yandex_vpc_network.default",
            "yandex_vpc_subnet.default"
          ]
        }
      ]
    },
    {
      "mode": "managed",
      "type": "null_resource",
      "name": "cluster",
      "provider": "provider[\"registry.terraform.io/hashicorp/null\"]",
      "instances": [
        {
          "status": "tainted",
          "schema_version": 0,
          "attributes": {
            "id": "2513537694040593180",
            "triggers": null
          },
          "sensitive_attributes": [],
          "dependencies": [
            "local_file.inventory",
            "null_resource.wait",
            "yandex_compute_instance.node01",
            "yandex_compute_instance.node02",
            "yandex_compute_instance.node03",
            "yandex_compute_instance.node04",
            "yandex_compute_instance.node05",
            "yandex_compute_instance.node06",
            "yandex_vpc_network.default",
            "yandex_vpc_subnet.default"
          ]
        }
      ]
    },
    {
      "mode": "managed",
      "type": "null_resource",
      "name": "monitoring",
      "provider": "provider[\"registry.terraform.io/hashicorp/null\"]",
      "instances": []
    },
    {
      "mode": "managed",
      "type": "null_resource",
      "name": "sync",
      "provider": "provider[\"registry.terraform.io/hashicorp/null\"]",
      "instances": []
    },
    {
      "mode": "managed",
      "type": "null_resource",
      "name": "wait",
      "provider": "provider[\"registry.terraform.io/hashicorp/null\"]",
      "instances": [
        {
          "schema_version": 0,
          "attributes": {
            "id": "4353294654165491216",
            "triggers": null
          },
          "sensitive_attributes": [],
          "dependencies": [
            "local_file.inventory",
            "yandex_compute_instance.node01",
            "yandex_compute_instance.node02",
            "yandex_compute_instance.node03",
            "yandex_compute_instance.node04",
            "yandex_compute_instance.node05",
            "yandex_compute_instance.node06",
            "yandex_vpc_network.default",
            "yandex_vpc_subnet.default"
          ]
        }
      ]
    },
    {
      "mode": "managed",
      "type": "yandex_compute_instance",
      "name": "node01",
      "provider": "provider[\"registry.terraform.io/yandex-cloud/yandex\"]",
      "instances": [
        {
          "schema_version": 1,
          "attributes": {
            "allow_recreate": null,
            "allow_stopping_for_update": true,
            "boot_disk": [
              {
                "auto_delete": true,
                "device_name": "fhmmfur3e84vjsv11ncm",
                "disk_id": "fhmmfur3e84vjsv11ncm",
                "initialize_params": [
                  {
                    "block_size": 4096,
                    "description": "",
                    "image_id": "fd8dsp7ledmd8fsdqorm",
                    "name": "root-node01",
                    "size": 10,
                    "snapshot_id": "",
                    "type": "network-ssd"
                  }
                ],
                "mode": "READ_WRITE"
              }
            ],
            "created_at": "2023-07-30T17:33:02Z",
            "description": "",
            "filesystem": [],
            "folder_id": "b1g0hmvh3tve39c8ddp5",
            "fqdn": "node01.netology.yc",
            "gpu_cluster_id": "",
            "hostname": "node01.netology.yc",
            "id": "fhmi0ice8qf0t86n199u",
            "labels": null,
            "local_disk": [],
            "metadata": {
              "ssh-keys": "yurykov:ssh-ed25519 AAAAC3NzaC1lZDI1NTE5AAAAILUxsKXfb0jsvVms1fek3bYVgTH9IE2eSw1p18Xavscb yurykov@yurykov\n",
              "user-data": "#cloud-config\nusers:\n  - name: yurykov\n    groups: sudo\n    shell: /bin/bash\n    sudo: ['ALL=(ALL) NOPASSWD:ALL']\n    ssh-authorized-keys:\n      - ssh-ed25519 AAAAC3NzaC1lZDI1NTE5AAAAILUxsKXfb0jsvVms1fek3bYVgTH9IE2eSw1p18Xavscb yurykov@yurykov\n"
            },
            "metadata_options": [
              {
                "aws_v1_http_endpoint": 1,
                "aws_v1_http_token": 2,
                "gce_http_endpoint": 1,
                "gce_http_token": 1
              }
            ],
            "name": "node01",
            "network_acceleration_type": "standard",
            "network_interface": [
              {
                "dns_record": [],
                "index": 0,
                "ip_address": "192.168.101.11",
                "ipv4": true,
                "ipv6": false,
                "ipv6_address": "",
                "ipv6_dns_record": [],
                "mac_address": "d0:0d:12:04:98:e4",
                "nat": true,
                "nat_dns_record": [],
                "nat_ip_address": "158.160.115.226",
                "nat_ip_version": "IPV4",
                "security_group_ids": [],
                "subnet_id": "e9b59r7lpnmf5p3udsac"
              }
            ],
            "placement_policy": [
              {
                "host_affinity_rules": [],
                "placement_group_id": ""
              }
            ],
            "platform_id": "standard-v1",
            "resources": [
              {
                "core_fraction": 100,
                "cores": 4,
                "gpus": 0,
                "memory": 8
              }
            ],
            "scheduling_policy": [
              {
                "preemptible": false
              }
            ],
            "secondary_disk": [],
            "service_account_id": "",
            "status": "running",
            "timeouts": null,
            "zone": "ru-central1-a"
          },
          "sensitive_attributes": [],
          "private": "eyJlMmJmYjczMC1lY2FhLTExZTYtOGY4OC0zNDM2M2JjN2M0YzAiOnsiY3JlYXRlIjozMDAwMDAwMDAwMDAsImRlbGV0ZSI6MzAwMDAwMDAwMDAwLCJ1cGRhdGUiOjMwMDAwMDAwMDAwMH0sInNjaGVtYV92ZXJzaW9uIjoiMSJ9",
          "dependencies": [
            "yandex_vpc_network.default",
            "yandex_vpc_subnet.default"
          ]
        }
      ]
    },
    {
      "mode": "managed",
      "type": "yandex_compute_instance",
      "name": "node02",
      "provider": "provider[\"registry.terraform.io/yandex-cloud/yandex\"]",
      "instances": [
        {
          "schema_version": 1,
          "attributes": {
            "allow_recreate": null,
            "allow_stopping_for_update": true,
            "boot_disk": [
              {
                "auto_delete": true,
                "device_name": "fhmv6jbjj81cqlb668da",
                "disk_id": "fhmv6jbjj81cqlb668da",
                "initialize_params": [
                  {
                    "block_size": 4096,
                    "description": "",
                    "image_id": "fd8dsp7ledmd8fsdqorm",
                    "name": "root-node02",
                    "size": 10,
                    "snapshot_id": "",
                    "type": "network-ssd"
                  }
                ],
                "mode": "READ_WRITE"
              }
            ],
            "created_at": "2023-07-30T17:33:02Z",
            "description": "",
            "filesystem": [],
            "folder_id": "b1g0hmvh3tve39c8ddp5",
            "fqdn": "node02.netology.yc",
            "gpu_cluster_id": "",
            "hostname": "node02.netology.yc",
            "id": "fhma7jgnla61f3sr0ono",
            "labels": null,
            "local_disk": [],
            "metadata": {
              "ssh-keys": "yurykov:ssh-ed25519 AAAAC3NzaC1lZDI1NTE5AAAAILUxsKXfb0jsvVms1fek3bYVgTH9IE2eSw1p18Xavscb yurykov@yurykov\n",
              "user-data": "#cloud-config\nusers:\n  - name: yurykov\n    groups: sudo\n    shell: /bin/bash\n    sudo: ['ALL=(ALL) NOPASSWD:ALL']\n    ssh-authorized-keys:\n      - ssh-ed25519 AAAAC3NzaC1lZDI1NTE5AAAAILUxsKXfb0jsvVms1fek3bYVgTH9IE2eSw1p18Xavscb yurykov@yurykov\n"
            },
            "metadata_options": [
              {
                "aws_v1_http_endpoint": 1,
                "aws_v1_http_token": 2,
                "gce_http_endpoint": 1,
                "gce_http_token": 1
              }
            ],
            "name": "node02",
            "network_acceleration_type": "standard",
            "network_interface": [
              {
                "dns_record": [],
                "index": 0,
                "ip_address": "192.168.101.12",
                "ipv4": true,
                "ipv6": false,
                "ipv6_address": "",
                "ipv6_dns_record": [],
                "mac_address": "d0:0d:a3:ce:17:aa",
                "nat": true,
                "nat_dns_record": [],
                "nat_ip_address": "158.160.103.209",
                "nat_ip_version": "IPV4",
                "security_group_ids": [],
                "subnet_id": "e9b59r7lpnmf5p3udsac"
              }
            ],
            "placement_policy": [
              {
                "host_affinity_rules": [],
                "placement_group_id": ""
              }
            ],
            "platform_id": "standard-v1",
            "resources": [
              {
                "core_fraction": 100,
                "cores": 4,
                "gpus": 0,
                "memory": 8
              }
            ],
            "scheduling_policy": [
              {
                "preemptible": false
              }
            ],
            "secondary_disk": [],
            "service_account_id": "",
            "status": "running",
            "timeouts": null,
            "zone": "ru-central1-a"
          },
          "sensitive_attributes": [],
          "private": "eyJlMmJmYjczMC1lY2FhLTExZTYtOGY4OC0zNDM2M2JjN2M0YzAiOnsiY3JlYXRlIjozMDAwMDAwMDAwMDAsImRlbGV0ZSI6MzAwMDAwMDAwMDAwLCJ1cGRhdGUiOjMwMDAwMDAwMDAwMH0sInNjaGVtYV92ZXJzaW9uIjoiMSJ9",
          "dependencies": [
            "yandex_vpc_network.default",
            "yandex_vpc_subnet.default"
          ]
        }
      ]
    },
    {
      "mode": "managed",
      "type": "yandex_compute_instance",
      "name": "node03",
      "provider": "provider[\"registry.terraform.io/yandex-cloud/yandex\"]",
      "instances": [
        {
          "schema_version": 1,
          "attributes": {
            "allow_recreate": null,
            "allow_stopping_for_update": true,
            "boot_disk": [
              {
                "auto_delete": true,
                "device_name": "fhmv1p1cpdri3rp4krbu",
                "disk_id": "fhmv1p1cpdri3rp4krbu",
                "initialize_params": [
                  {
                    "block_size": 4096,
                    "description": "",
                    "image_id": "fd8dsp7ledmd8fsdqorm",
                    "name": "root-node03",
                    "size": 10,
                    "snapshot_id": "",
                    "type": "network-ssd"
                  }
                ],
                "mode": "READ_WRITE"
              }
            ],
            "created_at": "2023-07-30T17:33:02Z",
            "description": "",
            "filesystem": [],
            "folder_id": "b1g0hmvh3tve39c8ddp5",
            "fqdn": "node03.netology.yc",
            "gpu_cluster_id": "",
            "hostname": "node03.netology.yc",
            "id": "fhms25mqvj0acen23lr3",
            "labels": null,
            "local_disk": [],
            "metadata": {
              "ssh-keys": "yurykov:ssh-ed25519 AAAAC3NzaC1lZDI1NTE5AAAAILUxsKXfb0jsvVms1fek3bYVgTH9IE2eSw1p18Xavscb yurykov@yurykov\n",
              "user-data": "#cloud-config\nusers:\n  - name: yurykov\n    groups: sudo\n    shell: /bin/bash\n    sudo: ['ALL=(ALL) NOPASSWD:ALL']\n    ssh-authorized-keys:\n      - ssh-ed25519 AAAAC3NzaC1lZDI1NTE5AAAAILUxsKXfb0jsvVms1fek3bYVgTH9IE2eSw1p18Xavscb yurykov@yurykov\n"
            },
            "metadata_options": [
              {
                "aws_v1_http_endpoint": 1,
                "aws_v1_http_token": 2,
                "gce_http_endpoint": 1,
                "gce_http_token": 1
              }
            ],
            "name": "node03",
            "network_acceleration_type": "standard",
            "network_interface": [
              {
                "dns_record": [],
                "index": 0,
                "ip_address": "192.168.101.13",
                "ipv4": true,
                "ipv6": false,
                "ipv6_address": "",
                "ipv6_dns_record": [],
                "mac_address": "d0:0d:1c:11:6d:af",
                "nat": true,
                "nat_dns_record": [],
                "nat_ip_address": "158.160.104.118",
                "nat_ip_version": "IPV4",
                "security_group_ids": [],
                "subnet_id": "e9b59r7lpnmf5p3udsac"
              }
            ],
            "placement_policy": [
              {
                "host_affinity_rules": [],
                "placement_group_id": ""
              }
            ],
            "platform_id": "standard-v1",
            "resources": [
              {
                "core_fraction": 100,
                "cores": 4,
                "gpus": 0,
                "memory": 8
              }
            ],
            "scheduling_policy": [
              {
                "preemptible": false
              }
            ],
            "secondary_disk": [],
            "service_account_id": "",
            "status": "running",
            "timeouts": null,
            "zone": "ru-central1-a"
          },
          "sensitive_attributes": [],
          "private": "eyJlMmJmYjczMC1lY2FhLTExZTYtOGY4OC0zNDM2M2JjN2M0YzAiOnsiY3JlYXRlIjozMDAwMDAwMDAwMDAsImRlbGV0ZSI6MzAwMDAwMDAwMDAwLCJ1cGRhdGUiOjMwMDAwMDAwMDAwMH0sInNjaGVtYV92ZXJzaW9uIjoiMSJ9",
          "dependencies": [
            "yandex_vpc_network.default",
            "yandex_vpc_subnet.default"
          ]
        }
      ]
    },
    {
      "mode": "managed",
      "type": "yandex_compute_instance",
      "name": "node04",
      "provider": "provider[\"registry.terraform.io/yandex-cloud/yandex\"]",
      "instances": [
        {
          "schema_version": 1,
          "attributes": {
            "allow_recreate": null,
            "allow_stopping_for_update": true,
            "boot_disk": [
              {
                "auto_delete": true,
                "device_name": "fhmv2qfs5qrijh0optsv",
                "disk_id": "fhmv2qfs5qrijh0optsv",
                "initialize_params": [
                  {
                    "block_size": 4096,
                    "description": "",
                    "image_id": "fd8dsp7ledmd8fsdqorm",
                    "name": "root-node04",
                    "size": 40,
                    "snapshot_id": "",
                    "type": "network-ssd"
                  }
                ],
                "mode": "READ_WRITE"
              }
            ],
            "created_at": "2023-07-30T17:33:02Z",
            "description": "",
            "filesystem": [],
            "folder_id": "b1g0hmvh3tve39c8ddp5",
            "fqdn": "node04.netology.yc",
            "gpu_cluster_id": "",
            "hostname": "node04.netology.yc",
            "id": "fhm4tnuis9cubeqtlrlp",
            "labels": null,
            "local_disk": [],
            "metadata": {
              "ssh-keys": "yurykov:ssh-ed25519 AAAAC3NzaC1lZDI1NTE5AAAAILUxsKXfb0jsvVms1fek3bYVgTH9IE2eSw1p18Xavscb yurykov@yurykov\n",
              "user-data": "#cloud-config\nusers:\n  - name: yurykov\n    groups: sudo\n    shell: /bin/bash\n    sudo: ['ALL=(ALL) NOPASSWD:ALL']\n    ssh-authorized-keys:\n      - ssh-ed25519 AAAAC3NzaC1lZDI1NTE5AAAAILUxsKXfb0jsvVms1fek3bYVgTH9IE2eSw1p18Xavscb yurykov@yurykov\n"
            },
            "metadata_options": [
              {
                "aws_v1_http_endpoint": 1,
                "aws_v1_http_token": 2,
                "gce_http_endpoint": 1,
                "gce_http_token": 1
              }
            ],
            "name": "node04",
            "network_acceleration_type": "standard",
            "network_interface": [
              {
                "dns_record": [],
                "index": 0,
                "ip_address": "192.168.101.14",
                "ipv4": true,
                "ipv6": false,
                "ipv6_address": "",
                "ipv6_dns_record": [],
                "mac_address": "d0:0d:4e:df:d2:e2",
                "nat": true,
                "nat_dns_record": [],
                "nat_ip_address": "158.160.101.81",
                "nat_ip_version": "IPV4",
                "security_group_ids": [],
                "subnet_id": "e9b59r7lpnmf5p3udsac"
              }
            ],
            "placement_policy": [
              {
                "host_affinity_rules": [],
                "placement_group_id": ""
              }
            ],
            "platform_id": "standard-v1",
            "resources": [
              {
                "core_fraction": 100,
                "cores": 4,
                "gpus": 0,
                "memory": 8
              }
            ],
            "scheduling_policy": [
              {
                "preemptible": false
              }
            ],
            "secondary_disk": [],
            "service_account_id": "",
            "status": "running",
            "timeouts": null,
            "zone": "ru-central1-a"
          },
          "sensitive_attributes": [],
          "private": "eyJlMmJmYjczMC1lY2FhLTExZTYtOGY4OC0zNDM2M2JjN2M0YzAiOnsiY3JlYXRlIjozMDAwMDAwMDAwMDAsImRlbGV0ZSI6MzAwMDAwMDAwMDAwLCJ1cGRhdGUiOjMwMDAwMDAwMDAwMH0sInNjaGVtYV92ZXJzaW9uIjoiMSJ9",
          "dependencies": [
            "yandex_vpc_network.default",
            "yandex_vpc_subnet.default"
          ]
        }
      ]
    },
    {
      "mode": "managed",
      "type": "yandex_compute_instance",
      "name": "node05",
      "provider": "provider[\"registry.terraform.io/yandex-cloud/yandex\"]",
      "instances": [
        {
          "schema_version": 1,
          "attributes": {
            "allow_recreate": null,
            "allow_stopping_for_update": true,
            "boot_disk": [
              {
                "auto_delete": true,
                "device_name": "fhm14trhdtg2grfkmf1j",
                "disk_id": "fhm14trhdtg2grfkmf1j",
                "initialize_params": [
                  {
                    "block_size": 4096,
                    "description": "",
                    "image_id": "fd8dsp7ledmd8fsdqorm",
                    "name": "root-node05",
                    "size": 40,
                    "snapshot_id": "",
                    "type": "network-ssd"
                  }
                ],
                "mode": "READ_WRITE"
              }
            ],
            "created_at": "2023-07-30T17:33:02Z",
            "description": "",
            "filesystem": [],
            "folder_id": "b1g0hmvh3tve39c8ddp5",
            "fqdn": "node05.netology.yc",
            "gpu_cluster_id": "",
            "hostname": "node05.netology.yc",
            "id": "fhm1o6fl96niogi08g5m",
            "labels": null,
            "local_disk": [],
            "metadata": {
              "ssh-keys": "yurykov:ssh-ed25519 AAAAC3NzaC1lZDI1NTE5AAAAILUxsKXfb0jsvVms1fek3bYVgTH9IE2eSw1p18Xavscb yurykov@yurykov\n",
              "user-data": "#cloud-config\nusers:\n  - name: yurykov\n    groups: sudo\n    shell: /bin/bash\n    sudo: ['ALL=(ALL) NOPASSWD:ALL']\n    ssh-authorized-keys:\n      - ssh-ed25519 AAAAC3NzaC1lZDI1NTE5AAAAILUxsKXfb0jsvVms1fek3bYVgTH9IE2eSw1p18Xavscb yurykov@yurykov\n"
            },
            "metadata_options": [
              {
                "aws_v1_http_endpoint": 1,
                "aws_v1_http_token": 2,
                "gce_http_endpoint": 1,
                "gce_http_token": 1
              }
            ],
            "name": "node05",
            "network_acceleration_type": "standard",
            "network_interface": [
              {
                "dns_record": [],
                "index": 0,
                "ip_address": "192.168.101.15",
                "ipv4": true,
                "ipv6": false,
                "ipv6_address": "",
                "ipv6_dns_record": [],
                "mac_address": "d0:0d:1c:19:f5:49",
                "nat": true,
                "nat_dns_record": [],
                "nat_ip_address": "51.250.71.62",
                "nat_ip_version": "IPV4",
                "security_group_ids": [],
                "subnet_id": "e9b59r7lpnmf5p3udsac"
              }
            ],
            "placement_policy": [
              {
                "host_affinity_rules": [],
                "placement_group_id": ""
              }
            ],
            "platform_id": "standard-v1",
            "resources": [
              {
                "core_fraction": 100,
                "cores": 4,
                "gpus": 0,
                "memory": 8
              }
            ],
            "scheduling_policy": [
              {
                "preemptible": false
              }
            ],
            "secondary_disk": [],
            "service_account_id": "",
            "status": "running",
            "timeouts": null,
            "zone": "ru-central1-a"
          },
          "sensitive_attributes": [],
          "private": "eyJlMmJmYjczMC1lY2FhLTExZTYtOGY4OC0zNDM2M2JjN2M0YzAiOnsiY3JlYXRlIjozMDAwMDAwMDAwMDAsImRlbGV0ZSI6MzAwMDAwMDAwMDAwLCJ1cGRhdGUiOjMwMDAwMDAwMDAwMH0sInNjaGVtYV92ZXJzaW9uIjoiMSJ9",
          "dependencies": [
            "yandex_vpc_network.default",
            "yandex_vpc_subnet.default"
          ]
        }
      ]
    },
    {
      "mode": "managed",
      "type": "yandex_compute_instance",
      "name": "node06",
      "provider": "provider[\"registry.terraform.io/yandex-cloud/yandex\"]",
      "instances": [
        {
          "schema_version": 1,
          "attributes": {
            "allow_recreate": null,
            "allow_stopping_for_update": true,
            "boot_disk": [
              {
                "auto_delete": true,
                "device_name": "fhmgsbcbr7n1rm1jah6c",
                "disk_id": "fhmgsbcbr7n1rm1jah6c",
                "initialize_params": [
                  {
                    "block_size": 4096,
                    "description": "",
                    "image_id": "fd8dsp7ledmd8fsdqorm",
                    "name": "root-node06",
                    "size": 40,
                    "snapshot_id": "",
                    "type": "network-ssd"
                  }
                ],
                "mode": "READ_WRITE"
              }
            ],
            "created_at": "2023-07-30T17:33:02Z",
            "description": "",
            "filesystem": [],
            "folder_id": "b1g0hmvh3tve39c8ddp5",
            "fqdn": "node06.netology.yc",
            "gpu_cluster_id": "",
            "hostname": "node06.netology.yc",
            "id": "fhmkrh0ks7dhe587ujs0",
            "labels": null,
            "local_disk": [],
            "metadata": {
              "ssh-keys": "yurykov:ssh-ed25519 AAAAC3NzaC1lZDI1NTE5AAAAILUxsKXfb0jsvVms1fek3bYVgTH9IE2eSw1p18Xavscb yurykov@yurykov\n",
              "user-data": "#cloud-config\nusers:\n  - name: yurykov\n    groups: sudo\n    shell: /bin/bash\n    sudo: ['ALL=(ALL) NOPASSWD:ALL']\n    ssh-authorized-keys:\n      - ssh-ed25519 AAAAC3NzaC1lZDI1NTE5AAAAILUxsKXfb0jsvVms1fek3bYVgTH9IE2eSw1p18Xavscb yurykov@yurykov\n"
            },
            "metadata_options": [
              {
                "aws_v1_http_endpoint": 1,
                "aws_v1_http_token": 2,
                "gce_http_endpoint": 1,
                "gce_http_token": 1
              }
            ],
            "name": "node06",
            "network_acceleration_type": "standard",
            "network_interface": [
              {
                "dns_record": [],
                "index": 0,
                "ip_address": "192.168.101.16",
                "ipv4": true,
                "ipv6": false,
                "ipv6_address": "",
                "ipv6_dns_record": [],
                "mac_address": "d0:0d:14:dc:41:4e",
                "nat": true,
                "nat_dns_record": [],
                "nat_ip_address": "158.160.101.49",
                "nat_ip_version": "IPV4",
                "security_group_ids": [],
                "subnet_id": "e9b59r7lpnmf5p3udsac"
              }
            ],
            "placement_policy": [
              {
                "host_affinity_rules": [],
                "placement_group_id": ""
              }
            ],
            "platform_id": "standard-v1",
            "resources": [
              {
                "core_fraction": 100,
                "cores": 4,
                "gpus": 0,
                "memory": 8
              }
            ],
            "scheduling_policy": [
              {
                "preemptible": false
              }
            ],
            "secondary_disk": [],
            "service_account_id": "",
            "status": "running",
            "timeouts": null,
            "zone": "ru-central1-a"
          },
          "sensitive_attributes": [],
          "private": "eyJlMmJmYjczMC1lY2FhLTExZTYtOGY4OC0zNDM2M2JjN2M0YzAiOnsiY3JlYXRlIjozMDAwMDAwMDAwMDAsImRlbGV0ZSI6MzAwMDAwMDAwMDAwLCJ1cGRhdGUiOjMwMDAwMDAwMDAwMH0sInNjaGVtYV92ZXJzaW9uIjoiMSJ9",
          "dependencies": [
            "yandex_vpc_network.default",
            "yandex_vpc_subnet.default"
          ]
        }
      ]
    },
    {
      "mode": "managed",
      "type": "yandex_vpc_network",
      "name": "default",
      "provider": "provider[\"registry.terraform.io/yandex-cloud/yandex\"]",
      "instances": [
        {
          "schema_version": 0,
          "attributes": {
            "created_at": "2023-07-30T17:32:59Z",
            "default_security_group_id": "",
            "description": "",
            "folder_id": "b1g0hmvh3tve39c8ddp5",
            "id": "enpm3ta6nm242achgbh7",
            "labels": {},
            "name": "net",
            "subnet_ids": [],
            "timeouts": null
          },
          "sensitive_attributes": [],
          "private": "eyJlMmJmYjczMC1lY2FhLTExZTYtOGY4OC0zNDM2M2JjN2M0YzAiOnsiY3JlYXRlIjo2MDAwMDAwMDAwMCwiZGVsZXRlIjo2MDAwMDAwMDAwMCwidXBkYXRlIjo2MDAwMDAwMDAwMH19"
        }
      ]
    },
    {
      "mode": "managed",
      "type": "yandex_vpc_subnet",
      "name": "default",
      "provider": "provider[\"registry.terraform.io/yandex-cloud/yandex\"]",
      "instances": [
        {
          "schema_version": 0,
          "attributes": {
            "created_at": "2023-07-30T17:33:01Z",
            "description": "",
            "dhcp_options": [],
            "folder_id": "b1g0hmvh3tve39c8ddp5",
            "id": "e9b59r7lpnmf5p3udsac",
            "labels": {},
            "name": "subnet",
            "network_id": "enpm3ta6nm242achgbh7",
            "route_table_id": "",
            "timeouts": null,
            "v4_cidr_blocks": [
              "192.168.101.0/24"
            ],
            "v6_cidr_blocks": [],
            "zone": "ru-central1-a"
          },
          "sensitive_attributes": [],
          "private": "eyJlMmJmYjczMC1lY2FhLTExZTYtOGY4OC0zNDM2M2JjN2M0YzAiOnsiY3JlYXRlIjoxODAwMDAwMDAwMDAsImRlbGV0ZSI6MTgwMDAwMDAwMDAwLCJ1cGRhdGUiOjE4MDAwMDAwMDAwMH19",
          "dependencies": [
            "yandex_vpc_network.default"
          ]
        }
      ]
    }
  ],
  "check_results": null
}
