{
  "version": 4,
  "terraform_version": "1.5.3",
  "serial": 85,
  "lineage": "e874254a-74eb-7911-c1f9-1396226bc767",
  "outputs": {
    "external_ip_address_node01_yandex_cloud": {
      "value": "158.160.44.62",
      "type": "string"
    },
    "internal_ip_address_node01_yandex_cloud": {
      "value": "192.168.101.16",
      "type": "string"
    }
  },
  "resources": [
    {
      "mode": "managed",
      "type": "yandex_compute_instance",
      "name": "node01",
      "provider": "provider[\"registry.terraform.io/yandex-cloud/yandex\"]",
      "instances": [
        {
          "schema_version": 1,
          "attributes": {
            "allow_recreate": null,
            "allow_stopping_for_update": true,
            "boot_disk": [
              {
                "auto_delete": true,
                "device_name": "fhmihirt79uii8j3brep",
                "disk_id": "fhmihirt79uii8j3brep",
                "initialize_params": [
                  {
                    "block_size": 4096,
                    "description": "",
                    "image_id": "fd8t96snb6o4ced44124",
                    "name": "root-node01",
                    "size": 50,
                    "snapshot_id": "",
                    "type": "network-ssd"
                  }
                ],
                "mode": "READ_WRITE"
              }
            ],
            "created_at": "2023-07-30T15:20:29Z",
            "description": "",
            "filesystem": [],
            "folder_id": "b1g0hmvh3tve39c8ddp5",
            "fqdn": "node01.netology.cloud",
            "gpu_cluster_id": "",
            "hostname": "node01.netology.cloud",
            "id": "fhmtkbdq00na4edd0lff",
            "labels": null,
            "local_disk": [],
            "metadata": {
              "ssh-keys": "yurykov:ssh-ed25519 AAAAC3NzaC1lZDI1NTE5AAAAILUxsKXfb0jsvVms1fek3bYVgTH9IE2eSw1p18Xavscb yurykov@yurykov\n",
              "user-data": "#cloud-config\nusers:\n  - name: yurykov\n    groups: sudo\n    shell: /bin/bash\n    sudo: ['ALL=(ALL) NOPASSWD:ALL']\n    ssh-authorized-keys:\n      - ssh-ed25519 AAAAC3NzaC1lZDI1NTE5AAAAILUxsKXfb0jsvVms1fek3bYVgTH9IE2eSw1p18Xavscb yurykov@yurykov\n"
            },
            "metadata_options": [
              {
                "aws_v1_http_endpoint": 1,
                "aws_v1_http_token": 2,
                "gce_http_endpoint": 1,
                "gce_http_token": 1
              }
            ],
            "name": "node01",
            "network_acceleration_type": "standard",
            "network_interface": [
              {
                "dns_record": [],
                "index": 0,
                "ip_address": "192.168.101.16",
                "ipv4": true,
                "ipv6": false,
                "ipv6_address": "",
                "ipv6_dns_record": [],
                "mac_address": "d0:0d:1d:a2:db:a0",
                "nat": true,
                "nat_dns_record": [],
                "nat_ip_address": "158.160.44.62",
                "nat_ip_version": "IPV4",
                "security_group_ids": [],
                "subnet_id": "e9bdsvprc4gdkluaip12"
              }
            ],
            "placement_policy": [
              {
                "host_affinity_rules": [],
                "placement_group_id": ""
              }
            ],
            "platform_id": "standard-v1",
            "resources": [
              {
                "core_fraction": 100,
                "cores": 8,
                "gpus": 0,
                "memory": 8
              }
            ],
            "scheduling_policy": [
              {
                "preemptible": false
              }
            ],
            "secondary_disk": [],
            "service_account_id": "",
            "status": "running",
            "timeouts": null,
            "zone": "ru-central1-a"
          },
          "sensitive_attributes": [],
          "private": "eyJlMmJmYjczMC1lY2FhLTExZTYtOGY4OC0zNDM2M2JjN2M0YzAiOnsiY3JlYXRlIjozMDAwMDAwMDAwMDAsImRlbGV0ZSI6MzAwMDAwMDAwMDAwLCJ1cGRhdGUiOjMwMDAwMDAwMDAwMH0sInNjaGVtYV92ZXJzaW9uIjoiMSJ9",
          "dependencies": [
            "yandex_vpc_subnet.default"
          ]
        }
      ]
    },
    {
      "mode": "managed",
      "type": "yandex_compute_instance",
      "name": "node02",
      "provider": "provider[\"registry.terraform.io/yandex-cloud/yandex\"]",
      "instances": [
        {
          "schema_version": 1,
          "attributes": {
            "allow_recreate": null,
            "allow_stopping_for_update": true,
            "boot_disk": [
              {
                "auto_delete": true,
                "device_name": "fhmvclpmacaufnr2vsa6",
                "disk_id": "fhmvclpmacaufnr2vsa6",
                "initialize_params": [
                  {
                    "block_size": 4096,
                    "description": "",
                    "image_id": "fd8t96snb6o4ced44124",
                    "name": "root-node02",
                    "size": 50,
                    "snapshot_id": "",
                    "type": "network-ssd"
                  }
                ],
                "mode": "READ_WRITE"
              }
            ],
            "created_at": "2023-07-30T15:20:01Z",
            "description": "",
            "filesystem": [],
            "folder_id": "b1g0hmvh3tve39c8ddp5",
            "fqdn": "node02.netology.cloud",
            "gpu_cluster_id": "",
            "hostname": "node02.netology.cloud",
            "id": "fhm54re4ug9iiqh3iib3",
            "labels": null,
            "local_disk": [],
            "metadata": {
              "ssh-keys": "yurykov:ssh-ed25519 AAAAC3NzaC1lZDI1NTE5AAAAILUxsKXfb0jsvVms1fek3bYVgTH9IE2eSw1p18Xavscb yurykov@yurykov\n",
              "user-data": "#cloud-config\nusers:\n  - name: yurykov\n    groups: sudo\n    shell: /bin/bash\n    sudo: ['ALL=(ALL) NOPASSWD:ALL']\n    ssh-authorized-keys:\n      - ssh-ed25519 AAAAC3NzaC1lZDI1NTE5AAAAILUxsKXfb0jsvVms1fek3bYVgTH9IE2eSw1p18Xavscb yurykov@yurykov\n"
            },
            "metadata_options": [
              {
                "aws_v1_http_endpoint": 1,
                "aws_v1_http_token": 2,
                "gce_http_endpoint": 1,
                "gce_http_token": 1
              }
            ],
            "name": "node02",
            "network_acceleration_type": "standard",
            "network_interface": [
              {
                "dns_record": [],
                "index": 0,
                "ip_address": "192.168.101.4",
                "ipv4": true,
                "ipv6": false,
                "ipv6_address": "",
                "ipv6_dns_record": [],
                "mac_address": "d0:0d:52:6d:c4:f4",
                "nat": true,
                "nat_dns_record": [],
                "nat_ip_address": "158.160.113.58",
                "nat_ip_version": "IPV4",
                "security_group_ids": [],
                "subnet_id": "e9bdsvprc4gdkluaip12"
              }
            ],
            "placement_policy": [
              {
                "host_affinity_rules": [],
                "placement_group_id": ""
              }
            ],
            "platform_id": "standard-v1",
            "resources": [
              {
                "core_fraction": 100,
                "cores": 8,
                "gpus": 0,
                "memory": 8
              }
            ],
            "scheduling_policy": [
              {
                "preemptible": false
              }
            ],
            "secondary_disk": [],
            "service_account_id": "",
            "status": "running",
            "timeouts": null,
            "zone": "ru-central1-a"
          },
          "sensitive_attributes": [],
          "private": "eyJlMmJmYjczMC1lY2FhLTExZTYtOGY4OC0zNDM2M2JjN2M0YzAiOnsiY3JlYXRlIjozMDAwMDAwMDAwMDAsImRlbGV0ZSI6MzAwMDAwMDAwMDAwLCJ1cGRhdGUiOjMwMDAwMDAwMDAwMH0sInNjaGVtYV92ZXJzaW9uIjoiMSJ9",
          "dependencies": [
            "yandex_vpc_subnet.default"
          ]
        }
      ]
    },
    {
      "mode": "managed",
      "type": "yandex_vpc_network",
      "name": "default",
      "provider": "provider[\"registry.terraform.io/yandex-cloud/yandex\"]",
      "instances": [
        {
          "schema_version": 0,
          "attributes": {
            "created_at": "2023-07-30T12:55:43Z",
            "default_security_group_id": "",
            "description": "",
            "folder_id": "b1g0hmvh3tve39c8ddp5",
            "id": "enp8ha50ksjqhd368ghf",
            "labels": {},
            "name": "net",
            "subnet_ids": [
              "e9bdsvprc4gdkluaip12"
            ],
            "timeouts": null
          },
          "sensitive_attributes": [],
          "private": "eyJlMmJmYjczMC1lY2FhLTExZTYtOGY4OC0zNDM2M2JjN2M0YzAiOnsiY3JlYXRlIjo2MDAwMDAwMDAwMCwiZGVsZXRlIjo2MDAwMDAwMDAwMCwidXBkYXRlIjo2MDAwMDAwMDAwMH19"
        }
      ]
    },
    {
      "mode": "managed",
      "type": "yandex_vpc_subnet",
      "name": "default",
      "provider": "provider[\"registry.terraform.io/yandex-cloud/yandex\"]",
      "instances": [
        {
          "schema_version": 0,
          "attributes": {
            "created_at": "2023-07-30T12:55:44Z",
            "description": "",
            "dhcp_options": [],
            "folder_id": "b1g0hmvh3tve39c8ddp5",
            "id": "e9bdsvprc4gdkluaip12",
            "labels": {},
            "name": "subnet",
            "network_id": "enp8ha50ksjqhd368ghf",
            "route_table_id": "",
            "timeouts": null,
            "v4_cidr_blocks": [
              "192.168.101.0/24"
            ],
            "v6_cidr_blocks": [],
            "zone": "ru-central1-a"
          },
          "sensitive_attributes": [],
          "private": "eyJlMmJmYjczMC1lY2FhLTExZTYtOGY4OC0zNDM2M2JjN2M0YzAiOnsiY3JlYXRlIjoxODAwMDAwMDAwMDAsImRlbGV0ZSI6MTgwMDAwMDAwMDAwLCJ1cGRhdGUiOjE4MDAwMDAwMDAwMH19",
          "dependencies": [
            "yandex_vpc_network.default"
          ]
        }
      ]
    }
  ],
  "check_results": null
}
